{
  "name": "docs",
  "version": "1.0.0",
  "lockfileVersion": 1,
  "requires": true,
  "dependencies": {
    "@vssue/api-github-v3": {
      "version": "1.4.4",
      "resolved": "https://registry.npm.taobao.org/@vssue/api-github-v3/download/@vssue/api-github-v3-1.4.4.tgz",
      "integrity": "sha1-4y7W1ZELuHwyfehXbBB+5+U7tts=",
      "requires": {
        "@vssue/utils": "^1.4.0",
        "axios": "^0.18.1"
      }
    },
    "@vssue/utils": {
      "version": "1.4.0",
      "resolved": "https://registry.npm.taobao.org/@vssue/utils/download/@vssue/utils-1.4.0.tgz",
      "integrity": "sha1-PML9hJKjQJ40MomYHiIJtsovgxM=",
      "requires": {
        "date-fns": "^1.29.0",
        "qs": "^6.6.0"
      }
    },
    "@vssue/vuepress-plugin-vssue": {
      "version": "1.4.6",
      "resolved": "https://registry.npm.taobao.org/@vssue/vuepress-plugin-vssue/download/@vssue/vuepress-plugin-vssue-1.4.6.tgz",
      "integrity": "sha1-CiMQlfWLKbvWTJ6pZPpzrdkJzP0=",
      "requires": {
        "vssue": "^1.4.6"
      }
    },
    "@vuepress/plugin-back-to-top": {
      "version": "1.5.4",
      "resolved": "https://registry.npm.taobao.org/@vuepress/plugin-back-to-top/download/@vuepress/plugin-back-to-top-1.5.4.tgz",
      "integrity": "sha1-95BOEiD80ctFeoGaa/ljtVxYS+o=",
      "dev": true,
      "requires": {
        "lodash.debounce": "^4.0.8"
      }
    },
    "axios": {
      "version": "0.18.1",
      "resolved": "https://registry.npm.taobao.org/axios/download/axios-0.18.1.tgz?cache=0&sync_timestamp=1597979633356&other_urls=https%3A%2F%2Fregistry.npm.taobao.org%2Faxios%2Fdownload%2Faxios-0.18.1.tgz",
      "integrity": "sha1-/z8N4ue10YDnV62YAA8Qgbh7zqM=",
      "requires": {
        "follow-redirects": "1.5.10",
        "is-buffer": "^2.0.2"
      }
    },
    "date-fns": {
      "version": "1.30.1",
      "resolved": "https://registry.npm.taobao.org/date-fns/download/date-fns-1.30.1.tgz",
      "integrity": "sha1-LnG/CxGRU9u0zE6I2epaz7UNwFw="
    },
    "debug": {
      "version": "3.1.0",
      "resolved": "https://registry.npm.taobao.org/debug/download/debug-3.1.0.tgz?cache=0&sync_timestamp=1600502894812&other_urls=https%3A%2F%2Fregistry.npm.taobao.org%2Fdebug%2Fdownload%2Fdebug-3.1.0.tgz",
      "integrity": "sha1-W7WgZyYotkFJVmuhaBnmFRjGcmE=",
      "requires": {
        "ms": "2.0.0"
      }
    },
    "follow-redirects": {
      "version": "1.5.10",
      "resolved": "https://registry.npm.taobao.org/follow-redirects/download/follow-redirects-1.5.10.tgz?cache=0&sync_timestamp=1597057976909&other_urls=https%3A%2F%2Fregistry.npm.taobao.org%2Ffollow-redirects%2Fdownload%2Ffollow-redirects-1.5.10.tgz",
      "integrity": "sha1-e3qfmuov3/NnhqlP9kPtB/T/Xio=",
      "requires": {
        "debug": "=3.1.0"
      }
    },
    "github-markdown-css": {
      "version": "3.0.1",
      "resolved": "https://registry.npm.taobao.org/github-markdown-css/download/github-markdown-css-3.0.1.tgz",
      "integrity": "sha1-0I2xBg0uGCAl4NB9VHz+Kv7TAgU="
    },
    "is-buffer": {
      "version": "2.0.4",
      "resolved": "https://registry.npm.taobao.org/is-buffer/download/is-buffer-2.0.4.tgz?cache=0&sync_timestamp=1588707106955&other_urls=https%3A%2F%2Fregistry.npm.taobao.org%2Fis-buffer%2Fdownload%2Fis-buffer-2.0.4.tgz",
      "integrity": "sha1-PlcvI8hBGlz9lVfISeNmXgspBiM="
    },
    "lodash.debounce": {
      "version": "4.0.8",
      "resolved": "https://registry.npm.taobao.org/lodash.debounce/download/lodash.debounce-4.0.8.tgz",
      "integrity": "sha1-gteb/zCmfEAF/9XiUVMArZyk168=",
      "dev": true
    },
    "moment": {
      "version": "2.27.0",
      "resolved": "https://registry.npm.taobao.org/moment/download/moment-2.27.0.tgz?cache=0&other_urls=https%3A%2F%2Fregistry.npm.taobao.org%2Fmoment%2Fdownload%2Fmoment-2.27.0.tgz",
      "integrity": "sha1-i/9OPiaiNiIN/j423nVrbrqgEF0="
    },
    "ms": {
      "version": "2.0.0",
      "resolved": "https://registry.npm.taobao.org/ms/download/ms-2.0.0.tgz",
      "integrity": "sha1-VgiurfwAvmwpAd9fmGF4jeDVl8g="
    },
    "qs": {
      "version": "6.9.4",
      "resolved": "https://registry.npm.taobao.org/qs/download/qs-6.9.4.tgz",
      "integrity": "sha1-kJCykNH5FyjTwi5UhDykSupatoc="
    },
    "vssue": {
      "version": "1.4.6",
      "resolved": "https://registry.npm.taobao.org/vssue/download/vssue-1.4.6.tgz",
      "integrity": "sha1-LOFjc5B9wEu5LWkIIk8N1yOUVPY=",
      "requires": {
        "@vssue/utils": "^1.4.0",
        "github-markdown-css": "^3.0.1",
        "vue": "^2.6.10",
        "vue-i18n": "^8.11.2",
        "vue-property-decorator": "^8.1.1"
      }
    },
    "vue": {
      "version": "2.6.12",
      "resolved": "https://registry.npm.taobao.org/vue/download/vue-2.6.12.tgz?cache=0&sync_timestamp=1600441210971&other_urls=https%3A%2F%2Fregistry.npm.taobao.org%2Fvue%2Fdownload%2Fvue-2.6.12.tgz",
      "integrity": "sha1-9evU+mvShpQD4pqJau1JBEVskSM="
    },
    "vue-class-component": {
      "version": "7.2.6",
      "resolved": "https://registry.npm.taobao.org/vue-class-component/download/vue-class-component-7.2.6.tgz",
      "integrity": "sha1-hHHgN7jkdi9aRkaG4Z5a/HCFAuQ="
    },
    "vue-i18n": {
      "version": "8.21.1",
      "resolved": "https://registry.npm.taobao.org/vue-i18n/download/vue-i18n-8.21.1.tgz",
      "integrity": "sha1-r6jmOQpd47Zb0XUzxCaRgfhvHWE="
    },
    "vue-property-decorator": {
      "version": "8.5.1",
      "resolved": "https://registry.npm.taobao.org/vue-property-decorator/download/vue-property-decorator-8.5.1.tgz",
      "integrity": "sha1-VxqRz40rUH9TfXm/gnWvMYRXL/8=",
      "requires": {
        "vue-class-component": "^7.1.0"
      }
    }
  }
}
